
Microsoft Visual Studio Solution File, Format Version 12.00
# Visual Studio Version 17
VisualStudioVersion = 17.0.31903.59
MinimumVisualStudioVersion = 10.0.40219.1
Project("{2150E333-8FDC-42A3-9474-1A3956D46DE8}") = "src", "src", "{827E0CD3-B72D-47B6-A68D-7590B98EB39B}"
EndProject
Project("{FAE04EC0-301F-11D3-BF4B-00C04F79EFBC}") = "Comments.Domain", "src\Comments.Domain\Comments.Domain.csproj", "{4B701231-5133-477D-98CD-E2A628BEB45C}"
EndProject
Project("{FAE04EC0-301F-11D3-BF4B-00C04F79EFBC}") = "Comments.Application", "src\Comments.Application\Comments.Application.csproj", "{4E9AE082-6BC8-493C-AB78-6859761B02E7}"
EndProject
Project("{FAE04EC0-301F-11D3-BF4B-00C04F79EFBC}") = "Comments.Infrastructure", "src\Comments.Infrastructure\Comments.Infrastructure.csproj", "{28B8DEBC-9703-4C02-A543-997DC6F0C25A}"
EndProject
Project("{FAE04EC0-301F-11D3-BF4B-00C04F79EFBC}") = "Comments.API", "src\Comments.API\Comments.API.csproj", "{3BBC1DCF-22EC-4D0F-928B-1B26870F017B}"
EndProject
Project("{FAE04EC0-301F-11D3-BF4B-00C04F79EFBC}") = "Comments.UnitTests", "tests\Comments.UnitTests\Comments.UnitTests.csproj", "{0886A096-2EEA-430D-8D8A-01586B37E739}"
EndProject
Project("{FAE04EC0-301F-11D3-BF4B-00C04F79EFBC}") = "Comments.IntegrationTests", "tests\Comments.IntegrationTests\Comments.IntegrationTests.csproj", "{E4BA11F3-3F4A-4DF8-B2CD-CB185A2CB14D}"
EndProject
Project("{FAE04EC0-301F-11D3-BF4B-00C04F79EFBC}") = "Comments.LoadTests", "tests\Comments.LoadTests\Comments.LoadTests.csproj", "{6C8068F4-0138-46D2-A517-3777D35757B6}"
EndProject
Global
	GlobalSection(SolutionConfigurationPlatforms) = preSolution
		Debug|Any CPU = Debug|Any CPU
		Debug|x64 = Debug|x64
		Debug|x86 = Debug|x86
		Release|Any CPU = Release|Any CPU
		Release|x64 = Release|x64
		Release|x86 = Release|x86
	EndGlobalSection
	GlobalSection(ProjectConfigurationPlatforms) = postSolution
		{4B701231-5133-477D-98CD-E2A628BEB45C}.Debug|Any CPU.ActiveCfg = Debug|Any CPU
		{4B701231-5133-477D-98CD-E2A628BEB45C}.Debug|Any CPU.Build.0 = Debug|Any CPU
		{4B701231-5133-477D-98CD-E2A628BEB45C}.Debug|x64.ActiveCfg = Debug|Any CPU
		{4B701231-5133-477D-98CD-E2A628BEB45C}.Debug|x64.Build.0 = Debug|Any CPU
		{4B701231-5133-477D-98CD-E2A628BEB45C}.Debug|x86.ActiveCfg = Debug|Any CPU
		{4B701231-5133-477D-98CD-E2A628BEB45C}.Debug|x86.Build.0 = Debug|Any CPU
		{4B701231-5133-477D-98CD-E2A628BEB45C}.Release|Any CPU.ActiveCfg = Release|Any CPU
		{4B701231-5133-477D-98CD-E2A628BEB45C}.Release|Any CPU.Build.0 = Release|Any CPU
		{4B701231-5133-477D-98CD-E2A628BEB45C}.Release|x64.ActiveCfg = Release|Any CPU
		{4B701231-5133-477D-98CD-E2A628BEB45C}.Release|x64.Build.0 = Release|Any CPU
		{4B701231-5133-477D-98CD-E2A628BEB45C}.Release|x86.ActiveCfg = Release|Any CPU
		{4B701231-5133-477D-98CD-E2A628BEB45C}.Release|x86.Build.0 = Release|Any CPU
		{4E9AE082-6BC8-493C-AB78-6859761B02E7}.Debug|Any CPU.ActiveCfg = Debug|Any CPU
		{4E9AE082-6BC8-493C-AB78-6859761B02E7}.Debug|Any CPU.Build.0 = Debug|Any CPU
		{4E9AE082-6BC8-493C-AB78-6859761B02E7}.Debug|x64.ActiveCfg = Debug|Any CPU
		{4E9AE082-6BC8-493C-AB78-6859761B02E7}.Debug|x64.Build.0 = Debug|Any CPU
		{4E9AE082-6BC8-493C-AB78-6859761B02E7}.Debug|x86.ActiveCfg = Debug|Any CPU
		{4E9AE082-6BC8-493C-AB78-6859761B02E7}.Debug|x86.Build.0 = Debug|Any CPU
		{4E9AE082-6BC8-493C-AB78-6859761B02E7}.Release|Any CPU.ActiveCfg = Release|Any CPU
		{4E9AE082-6BC8-493C-AB78-6859761B02E7}.Release|Any CPU.Build.0 = Release|Any CPU
		{4E9AE082-6BC8-493C-AB78-6859761B02E7}.Release|x64.ActiveCfg = Release|Any CPU
		{4E9AE082-6BC8-493C-AB78-6859761B02E7}.Release|x64.Build.0 = Release|Any CPU
		{4E9AE082-6BC8-493C-AB78-6859761B02E7}.Release|x86.ActiveCfg = Release|Any CPU
		{4E9AE082-6BC8-493C-AB78-6859761B02E7}.Release|x86.Build.0 = Release|Any CPU
		{28B8DEBC-9703-4C02-A543-997DC6F0C25A}.Debug|Any CPU.ActiveCfg = Debug|Any CPU
		{28B8DEBC-9703-4C02-A543-997DC6F0C25A}.Debug|Any CPU.Build.0 = Debug|Any CPU
		{28B8DEBC-9703-4C02-A543-997DC6F0C25A}.Debug|x64.ActiveCfg = Debug|Any CPU
		{28B8DEBC-9703-4C02-A543-997DC6F0C25A}.Debug|x64.Build.0 = Debug|Any CPU
		{28B8DEBC-9703-4C02-A543-997DC6F0C25A}.Debug|x86.ActiveCfg = Debug|Any CPU
		{28B8DEBC-9703-4C02-A543-997DC6F0C25A}.Debug|x86.Build.0 = Debug|Any CPU
		{28B8DEBC-9703-4C02-A543-997DC6F0C25A}.Release|Any CPU.ActiveCfg = Release|Any CPU
		{28B8DEBC-9703-4C02-A543-997DC6F0C25A}.Release|Any CPU.Build.0 = Release|Any CPU
		{28B8DEBC-9703-4C02-A543-997DC6F0C25A}.Release|x64.ActiveCfg = Release|Any CPU
		{28B8DEBC-9703-4C02-A543-997DC6F0C25A}.Release|x64.Build.0 = Release|Any CPU
		{28B8DEBC-9703-4C02-A543-997DC6F0C25A}.Release|x86.ActiveCfg = Release|Any CPU
		{28B8DEBC-9703-4C02-A543-997DC6F0C25A}.Release|x86.Build.0 = Release|Any CPU
		{3BBC1DCF-22EC-4D0F-928B-1B26870F017B}.Debug|Any CPU.ActiveCfg = Debug|Any CPU
		{3BBC1DCF-22EC-4D0F-928B-1B26870F017B}.Debug|Any CPU.Build.0 = Debug|Any CPU
		{3BBC1DCF-22EC-4D0F-928B-1B26870F017B}.Debug|x64.ActiveCfg = Debug|Any CPU
		{3BBC1DCF-22EC-4D0F-928B-1B26870F017B}.Debug|x64.Build.0 = Debug|Any CPU
		{3BBC1DCF-22EC-4D0F-928B-1B26870F017B}.Debug|x86.ActiveCfg = Debug|Any CPU
		{3BBC1DCF-22EC-4D0F-928B-1B26870F017B}.Debug|x86.Build.0 = Debug|Any CPU
		{3BBC1DCF-22EC-4D0F-928B-1B26870F017B}.Release|Any CPU.ActiveCfg = Release|Any CPU
		{3BBC1DCF-22EC-4D0F-928B-1B26870F017B}.Release|Any CPU.Build.0 = Release|Any CPU
		{3BBC1DCF-22EC-4D0F-928B-1B26870F017B}.Release|x64.ActiveCfg = Release|Any CPU
		{3BBC1DCF-22EC-4D0F-928B-1B26870F017B}.Release|x64.Build.0 = Release|Any CPU
		{3BBC1DCF-22EC-4D0F-928B-1B26870F017B}.Release|x86.ActiveCfg = Release|Any CPU
		{3BBC1DCF-22EC-4D0F-928B-1B26870F017B}.Release|x86.Build.0 = Release|Any CPU
		{0886A096-2EEA-430D-8D8A-01586B37E739}.Debug|Any CPU.ActiveCfg = Debug|Any CPU
		{0886A096-2EEA-430D-8D8A-01586B37E739}.Debug|Any CPU.Build.0 = Debug|Any CPU
		{0886A096-2EEA-430D-8D8A-01586B37E739}.Debug|x64.ActiveCfg = Debug|Any CPU
		{0886A096-2EEA-430D-8D8A-01586B37E739}.Debug|x64.Build.0 = Debug|Any CPU
		{0886A096-2EEA-430D-8D8A-01586B37E739}.Debug|x86.ActiveCfg = Debug|Any CPU
		{0886A096-2EEA-430D-8D8A-01586B37E739}.Debug|x86.Build.0 = Debug|Any CPU
		{0886A096-2EEA-430D-8D8A-01586B37E739}.Release|Any CPU.ActiveCfg = Release|Any CPU
		{0886A096-2EEA-430D-8D8A-01586B37E739}.Release|Any CPU.Build.0 = Release|Any CPU
		{0886A096-2EEA-430D-8D8A-01586B37E739}.Release|x64.ActiveCfg = Release|Any CPU
		{0886A096-2EEA-430D-8D8A-01586B37E739}.Release|x64.Build.0 = Release|Any CPU
		{0886A096-2EEA-430D-8D8A-01586B37E739}.Release|x86.ActiveCfg = Release|Any CPU
		{0886A096-2EEA-430D-8D8A-01586B37E739}.Release|x86.Build.0 = Release|Any CPU
		{E4BA11F3-3F4A-4DF8-B2CD-CB185A2CB14D}.Debug|Any CPU.ActiveCfg = Debug|Any CPU
		{E4BA11F3-3F4A-4DF8-B2CD-CB185A2CB14D}.Debug|Any CPU.Build.0 = Debug|Any CPU
		{E4BA11F3-3F4A-4DF8-B2CD-CB185A2CB14D}.Debug|x64.ActiveCfg = Debug|Any CPU
		{E4BA11F3-3F4A-4DF8-B2CD-CB185A2CB14D}.Debug|x64.Build.0 = Debug|Any CPU
		{E4BA11F3-3F4A-4DF8-B2CD-CB185A2CB14D}.Debug|x86.ActiveCfg = Debug|Any CPU
		{E4BA11F3-3F4A-4DF8-B2CD-CB185A2CB14D}.Debug|x86.Build.0 = Debug|Any CPU
		{E4BA11F3-3F4A-4DF8-B2CD-CB185A2CB14D}.Release|Any CPU.ActiveCfg = Release|Any CPU
		{E4BA11F3-3F4A-4DF8-B2CD-CB185A2CB14D}.Release|Any CPU.Build.0 = Release|Any CPU
		{E4BA11F3-3F4A-4DF8-B2CD-CB185A2CB14D}.Release|x64.ActiveCfg = Release|Any CPU
		{E4BA11F3-3F4A-4DF8-B2CD-CB185A2CB14D}.Release|x64.Build.0 = Release|Any CPU
		{E4BA11F3-3F4A-4DF8-B2CD-CB185A2CB14D}.Release|x86.ActiveCfg = Release|Any CPU
		{E4BA11F3-3F4A-4DF8-B2CD-CB185A2CB14D}.Release|x86.Build.0 = Release|Any CPU
		{6C8068F4-0138-46D2-A517-3777D35757B6}.Debug|Any CPU.ActiveCfg = Debug|Any CPU
		{6C8068F4-0138-46D2-A517-3777D35757B6}.Debug|Any CPU.Build.0 = Debug|Any CPU
		{6C8068F4-0138-46D2-A517-3777D35757B6}.Debug|x64.ActiveCfg = Debug|Any CPU
		{6C8068F4-0138-46D2-A517-3777D35757B6}.Debug|x64.Build.0 = Debug|Any CPU
		{6C8068F4-0138-46D2-A517-3777D35757B6}.Debug|x86.ActiveCfg = Debug|Any CPU
		{6C8068F4-0138-46D2-A517-3777D35757B6}.Debug|x86.Build.0 = Debug|Any CPU
		{6C8068F4-0138-46D2-A517-3777D35757B6}.Release|Any CPU.ActiveCfg = Release|Any CPU
		{6C8068F4-0138-46D2-A517-3777D35757B6}.Release|Any CPU.Build.0 = Release|Any CPU
		{6C8068F4-0138-46D2-A517-3777D35757B6}.Release|x64.ActiveCfg = Release|Any CPU
		{6C8068F4-0138-46D2-A517-3777D35757B6}.Release|x64.Build.0 = Release|Any CPU
		{6C8068F4-0138-46D2-A517-3777D35757B6}.Release|x86.ActiveCfg = Release|Any CPU
		{6C8068F4-0138-46D2-A517-3777D35757B6}.Release|x86.Build.0 = Release|Any CPU
	EndGlobalSection
	GlobalSection(SolutionProperties) = preSolution
		HideSolutionNode = FALSE
	EndGlobalSection
	GlobalSection(NestedProjects) = preSolution
		{4B701231-5133-477D-98CD-E2A628BEB45C} = {827E0CD3-B72D-47B6-A68D-7590B98EB39B}
		{4E9AE082-6BC8-493C-AB78-6859761B02E7} = {827E0CD3-B72D-47B6-A68D-7590B98EB39B}
		{28B8DEBC-9703-4C02-A543-997DC6F0C25A} = {827E0CD3-B72D-47B6-A68D-7590B98EB39B}
		{3BBC1DCF-22EC-4D0F-928B-1B26870F017B} = {827E0CD3-B72D-47B6-A68D-7590B98EB39B}
		{0886A096-2EEA-430D-8D8A-01586B37E739} = {827E0CD3-B72D-47B6-A68D-7590B98EB39B}
		{E4BA11F3-3F4A-4DF8-B2CD-CB185A2CB14D} = {827E0CD3-B72D-47B6-A68D-7590B98EB39B}
		{6C8068F4-0138-46D2-A517-3777D35757B6} = {827E0CD3-B72D-47B6-A68D-7590B98EB39B}
	EndGlobalSection
EndGlobal
